
Microsoft Visual Studio Solution File, Format Version 12.00
# Visual Studio 2012
Project("{FAE04EC0-301F-11D3-BF4B-00C04F79EFBC}") = "Clearing.Msc.Business.MasterCom.UnitTest", "Clearing.Msc.Business.MasterCom.UnitTest\Clearing.Msc.Business.MasterCom.UnitTest.csproj", "{52060CCC-EA52-4469-97A3-F993C2319555}"
EndProject
Project("{2150E333-8FDC-42A3-9474-1A3956D46DE8}") = ".nuget", ".nuget", "{EF3EF473-B3D2-4FE1-958C-00A47F3BEFAD}"
	ProjectSection(SolutionItems) = preProject
		.nuget\packages.config = .nuget\packages.config
	EndProjectSection
EndProject
Project("{FAE04EC0-301F-11D3-BF4B-00C04F79EFBC}") = "Clearing.Msc.Business.MasterCom", "Clearing.Msc.Business.MasterCom\Clearing.Msc.Business.MasterCom.csproj", "{710AB3A4-09AC-4B7C-A933-23DC5B40ECF4}"
EndProject
Project("{FAE04EC0-301F-11D3-BF4B-00C04F79EFBC}") = "Clearing.Msc.Business.MasterCom.EntegrationTest", "Clearing.Msc.Business.MasterCom.EntegrationTest\Clearing.Msc.Business.MasterCom.EntegrationTest.csproj", "{A7213B70-C3FA-4C80-BC54-4B2BB76FA2DA}"
EndProject
Global
	GlobalSection(SolutionConfigurationPlatforms) = preSolution
		Debug|Any CPU = Debug|Any CPU
		Release|Any CPU = Release|Any CPU
	EndGlobalSection
	GlobalSection(ProjectConfigurationPlatforms) = postSolution
		{52060CCC-EA52-4469-97A3-F993C2319555}.Debug|Any CPU.ActiveCfg = Debug|Any CPU
		{52060CCC-EA52-4469-97A3-F993C2319555}.Debug|Any CPU.Build.0 = Debug|Any CPU
		{52060CCC-EA52-4469-97A3-F993C2319555}.Release|Any CPU.ActiveCfg = Release|Any CPU
		{52060CCC-EA52-4469-97A3-F993C2319555}.Release|Any CPU.Build.0 = Release|Any CPU
		{710AB3A4-09AC-4B7C-A933-23DC5B40ECF4}.Debug|Any CPU.ActiveCfg = Debug|Any CPU
		{710AB3A4-09AC-4B7C-A933-23DC5B40ECF4}.Debug|Any CPU.Build.0 = Debug|Any CPU
		{710AB3A4-09AC-4B7C-A933-23DC5B40ECF4}.Release|Any CPU.ActiveCfg = Release|Any CPU
		{710AB3A4-09AC-4B7C-A933-23DC5B40ECF4}.Release|Any CPU.Build.0 = Release|Any CPU
		{A7213B70-C3FA-4C80-BC54-4B2BB76FA2DA}.Debug|Any CPU.ActiveCfg = Debug|Any CPU
		{A7213B70-C3FA-4C80-BC54-4B2BB76FA2DA}.Debug|Any CPU.Build.0 = Debug|Any CPU
		{A7213B70-C3FA-4C80-BC54-4B2BB76FA2DA}.Release|Any CPU.ActiveCfg = Release|Any CPU
		{A7213B70-C3FA-4C80-BC54-4B2BB76FA2DA}.Release|Any CPU.Build.0 = Release|Any CPU
	EndGlobalSection
	GlobalSection(SolutionProperties) = preSolution
		HideSolutionNode = FALSE
	EndGlobalSection
EndGlobal
